{"format_version":"0.1","terraform_version":"0.14.9","variables":{"cluster_name":{"value":"anhnh-terraform-aks"},"kubernetes_version":{"value":"1.19.3"},"location":{"value":"southeastasia"},"node_resource_group":{"value":"anhnh-aks-terraform"},"resource_group_name":{"value":"anhnh-aks-demo"},"system_node_count":{"value":2}},"planned_values":{"outputs":{"aks_fqdn":{"sensitive":false},"aks_id":{"sensitive":false},"aks_node_rg":{"sensitive":false,"value":"anhnh-aks-terraform"}},"root_module":{"resources":[{"address":"azurerm_kubernetes_cluster.aks","mode":"managed","type":"azurerm_kubernetes_cluster","name":"aks","provider_name":"registry.terraform.io/hashicorp/azurerm","schema_version":0,"values":{"api_server_authorized_ip_ranges":null,"default_node_pool":[{"availability_zones":["1","2"],"enable_auto_scaling":false,"enable_node_public_ip":null,"max_count":null,"min_count":null,"name":"system","node_count":2,"node_labels":null,"node_taints":null,"os_disk_type":"Managed","proximity_placement_group_id":null,"tags":null,"type":"VirtualMachineScaleSets","vm_size":"Standard_B2S","vnet_subnet_id":null}],"disk_encryption_set_id":null,"dns_prefix":"anhnh-terraform-aks","enable_pod_security_policy":null,"identity":[{"type":"SystemAssigned"}],"kubernetes_version":"1.19.3","linux_profile":[],"location":"southeastasia","name":"anhnh-terraform-aks","network_profile":[{"load_balancer_sku":"Standard","network_plugin":"kubenet","outbound_type":"loadBalancer"}],"node_resource_group":"anhnh-aks-terraform","resource_group_name":"anhnh-aks-demo","service_principal":[],"sku_tier":"Free","tags":null,"timeouts":null}},{"address":"azurerm_resource_group.rg","mode":"managed","type":"azurerm_resource_group","name":"rg","provider_name":"registry.terraform.io/hashicorp/azurerm","schema_version":0,"values":{"location":"southeastasia","name":"anhnh-aks-demo","tags":null,"timeouts":null}}]}},"resource_changes":[{"address":"azurerm_kubernetes_cluster.aks","mode":"managed","type":"azurerm_kubernetes_cluster","name":"aks","provider_name":"registry.terraform.io/hashicorp/azurerm","change":{"actions":["create"],"before":null,"after":{"api_server_authorized_ip_ranges":null,"default_node_pool":[{"availability_zones":["1","2"],"enable_auto_scaling":false,"enable_node_public_ip":null,"max_count":null,"min_count":null,"name":"system","node_count":2,"node_labels":null,"node_taints":null,"os_disk_type":"Managed","proximity_placement_group_id":null,"tags":null,"type":"VirtualMachineScaleSets","vm_size":"Standard_B2S","vnet_subnet_id":null}],"disk_encryption_set_id":null,"dns_prefix":"anhnh-terraform-aks","enable_pod_security_policy":null,"identity":[{"type":"SystemAssigned"}],"kubernetes_version":"1.19.3","linux_profile":[],"location":"southeastasia","name":"anhnh-terraform-aks","network_profile":[{"load_balancer_sku":"Standard","network_plugin":"kubenet","outbound_type":"loadBalancer"}],"node_resource_group":"anhnh-aks-terraform","resource_group_name":"anhnh-aks-demo","service_principal":[],"sku_tier":"Free","tags":null,"timeouts":null},"after_unknown":{"addon_profile":true,"auto_scaler_profile":true,"default_node_pool":[{"availability_zones":[false,false],"max_pods":true,"orchestrator_version":true,"os_disk_size_gb":true}],"fqdn":true,"id":true,"identity":[{"principal_id":true,"tenant_id":true}],"kube_admin_config":true,"kube_admin_config_raw":true,"kube_config":true,"kube_config_raw":true,"kubelet_identity":true,"linux_profile":[],"network_profile":[{"dns_service_ip":true,"docker_bridge_cidr":true,"load_balancer_profile":true,"network_policy":true,"pod_cidr":true,"service_cidr":true}],"private_cluster_enabled":true,"private_fqdn":true,"private_link_enabled":true,"role_based_access_control":true,"service_principal":[],"windows_profile":true}}},{"address":"azurerm_resource_group.rg","mode":"managed","type":"azurerm_resource_group","name":"rg","provider_name":"registry.terraform.io/hashicorp/azurerm","change":{"actions":["create"],"before":null,"after":{"location":"southeastasia","name":"anhnh-aks-demo","tags":null,"timeouts":null},"after_unknown":{"id":true}}}],"output_changes":{"aks_fqdn":{"actions":["create"],"before":null,"after_unknown":true},"aks_id":{"actions":["create"],"before":null,"after_unknown":true},"aks_node_rg":{"actions":["create"],"before":null,"after":"anhnh-aks-terraform","after_unknown":false}},"prior_state":{"format_version":"0.1","terraform_version":"0.14.9","values":{"outputs":{"aks_node_rg":{"sensitive":false,"value":"anhnh-aks-terraform"}},"root_module":{}}},"configuration":{"provider_config":{"azurerm":{"name":"azurerm","version_constraint":"2.39.0","expressions":{"features":[{}]}}},"root_module":{"outputs":{"aks_fqdn":{"expression":{"references":["azurerm_kubernetes_cluster.aks"]}},"aks_id":{"expression":{"references":["azurerm_kubernetes_cluster.aks"]}},"aks_node_rg":{"expression":{"references":["azurerm_kubernetes_cluster.aks"]}}},"resources":[{"address":"azurerm_kubernetes_cluster.aks","mode":"managed","type":"azurerm_kubernetes_cluster","name":"aks","provider_config_key":"azurerm","expressions":{"default_node_pool":[{"availability_zones":{"constant_value":[1,2]},"enable_auto_scaling":{"constant_value":false},"name":{"constant_value":"system"},"node_count":{"references":["var.system_node_count"]},"type":{"constant_value":"VirtualMachineScaleSets"},"vm_size":{"constant_value":"Standard_B2S"}}],"dns_prefix":{"references":["var.cluster_name"]},"identity":[{"type":{"constant_value":"SystemAssigned"}}],"kubernetes_version":{"references":["var.kubernetes_version"]},"location":{"references":["var.location"]},"name":{"references":["var.cluster_name"]},"network_profile":[{"load_balancer_sku":{"constant_value":"Standard"},"network_plugin":{"constant_value":"kubenet"}}],"node_resource_group":{"references":["var.node_resource_group"]},"resource_group_name":{"references":["azurerm_resource_group.rg"]}},"schema_version":0},{"address":"azurerm_resource_group.rg","mode":"managed","type":"azurerm_resource_group","name":"rg","provider_config_key":"azurerm","expressions":{"location":{"references":["var.location"]},"name":{"references":["var.resource_group_name"]}},"schema_version":0}],"variables":{"cluster_name":{"description":"AKS name in Azure"},"kubernetes_version":{"description":"Kubernetes version"},"location":{"description":"Resources location in Azure"},"node_resource_group":{"description":"RG name for cluster resources in Azure"},"resource_group_name":{"description":"Resource group name in Azure"},"system_node_count":{"description":"Number of AKS worker nodes"}}}}}
